
Microsoft Visual Studio Solution File, Format Version 12.00
# Visual Studio Version 17
VisualStudioVersion = 17.3.32825.248
MinimumVisualStudioVersion = 10.0.40219.1
Project("{FAE04EC0-301F-11D3-BF4B-00C04F79EFBC}") = "AulaDomingo", "AulaDomingo\AulaDomingo.csproj", "{C9FDBEE8-84F1-498F-9FB4-0D1AFF06EBCD}"
EndProject
Global
	GlobalSection(SolutionConfigurationPlatforms) = preSolution
		Debug|Any CPU = Debug|Any CPU
		Release|Any CPU = Release|Any CPU
	EndGlobalSection
	GlobalSection(ProjectConfigurationPlatforms) = postSolution
		{C9FDBEE8-84F1-498F-9FB4-0D1AFF06EBCD}.Debug|Any CPU.ActiveCfg = Debug|Any CPU
		{C9FDBEE8-84F1-498F-9FB4-0D1AFF06EBCD}.Debug|Any CPU.Build.0 = Debug|Any CPU
		{C9FDBEE8-84F1-498F-9FB4-0D1AFF06EBCD}.Release|Any CPU.ActiveCfg = Release|Any CPU
		{C9FDBEE8-84F1-498F-9FB4-0D1AFF06EBCD}.Release|Any CPU.Build.0 = Release|Any CPU
	EndGlobalSection
	GlobalSection(SolutionProperties) = preSolution
		HideSolutionNode = FALSE
	EndGlobalSection
	GlobalSection(ExtensibilityGlobals) = postSolution
		SolutionGuid = {8D4E046E-68F1-4529-BB62-99D909D3A4A2}
	EndGlobalSection
EndGlobal
